// !$*UTF8*$!
{
	archiveVersion = 1;
	classes = {
	};
	objectVersion = 56;
	objects = {

/* Begin PBXBuildFile section */
		A2D8E9A72AADE746007ABCA7 /* AppDelegate.swift in Sources */ = {isa = PBXBuildFile; fileRef = A2D8E9A62AADE746007ABCA7 /* AppDelegate.swift */; };
		A2D8E9A92AADE746007ABCA7 /* SceneDelegate.swift in Sources */ = {isa = PBXBuildFile; fileRef = A2D8E9A82AADE746007ABCA7 /* SceneDelegate.swift */; };
		A2D8E9AB2AADE746007ABCA7 /* ViewController.swift in Sources */ = {isa = PBXBuildFile; fileRef = A2D8E9AA2AADE746007ABCA7 /* ViewController.swift */; };
		A2D8E9AE2AADE746007ABCA7 /* Main.storyboard in Resources */ = {isa = PBXBuildFile; fileRef = A2D8E9AC2AADE746007ABCA7 /* Main.storyboard */; };
		A2D8E9B12AADE746007ABCA7 /* layoutTask1.xcdatamodeld in Sources */ = {isa = PBXBuildFile; fileRef = A2D8E9AF2AADE746007ABCA7 /* layoutTask1.xcdatamodeld */; };
		A2D8E9B32AADE74B007ABCA7 /* Assets.xcassets in Resources */ = {isa = PBXBuildFile; fileRef = A2D8E9B22AADE74B007ABCA7 /* Assets.xcassets */; };
		A2D8E9B62AADE74B007ABCA7 /* LaunchScreen.storyboard in Resources */ = {isa = PBXBuildFile; fileRef = A2D8E9B42AADE74B007ABCA7 /* LaunchScreen.storyboard */; };
		AA825A069563B6889F6FDB70 /* Pods_layoutTask1.framework in Frameworks */ = {isa = PBXBuildFile; fileRef = 1E62F04941BE5A05CFAE68B0 /* Pods_layoutTask1.framework */; };
/* End PBXBuildFile section */

/* Begin PBXFileReference section */
		1E62F04941BE5A05CFAE68B0 /* Pods_layoutTask1.framework */ = {isa = PBXFileReference; explicitFileType = wrapper.framework; includeInIndex = 0; path = Pods_layoutTask1.framework; sourceTree = BUILT_PRODUCTS_DIR; };
		6E48ACCB19D6BA6545B502B7 /* Pods-layoutTask1.release.xcconfig */ = {isa = PBXFileReference; includeInIndex = 1; lastKnownFileType = text.xcconfig; name = "Pods-layoutTask1.release.xcconfig"; path = "Target Support Files/Pods-layoutTask1/Pods-layoutTask1.release.xcconfig"; sourceTree = "<group>"; };
		A2D8E9A32AADE746007ABCA7 /* layoutTask1.app */ = {isa = PBXFileReference; explicitFileType = wrapper.application; includeInIndex = 0; path = layoutTask1.app; sourceTree = BUILT_PRODUCTS_DIR; };
		A2D8E9A62AADE746007ABCA7 /* AppDelegate.swift */ = {isa = PBXFileReference; lastKnownFileType = sourcecode.swift; path = AppDelegate.swift; sourceTree = "<group>"; };
		A2D8E9A82AADE746007ABCA7 /* SceneDelegate.swift */ = {isa = PBXFileReference; lastKnownFileType = sourcecode.swift; path = SceneDelegate.swift; sourceTree = "<group>"; };
		A2D8E9AA2AADE746007ABCA7 /* ViewController.swift */ = {isa = PBXFileReference; lastKnownFileType = sourcecode.swift; path = ViewController.swift; sourceTree = "<group>"; };
		A2D8E9AD2AADE746007ABCA7 /* Base */ = {isa = PBXFileReference; lastKnownFileType = file.storyboard; name = Base; path = Base.lproj/Main.storyboard; sourceTree = "<group>"; };
		A2D8E9B02AADE746007ABCA7 /* layoutTask1.xcdatamodel */ = {isa = PBXFileReference; lastKnownFileType = wrapper.xcdatamodel; path = layoutTask1.xcdatamodel; sourceTree = "<group>"; };
		A2D8E9B22AADE74B007ABCA7 /* Assets.xcassets */ = {isa = PBXFileReference; lastKnownFileType = folder.assetcatalog; path = Assets.xcassets; sourceTree = "<group>"; };
		A2D8E9B52AADE74B007ABCA7 /* Base */ = {isa = PBXFileReference; lastKnownFileType = file.storyboard; name = Base; path = Base.lproj/LaunchScreen.storyboard; sourceTree = "<group>"; };
		A2D8E9B72AADE74B007ABCA7 /* Info.plist */ = {isa = PBXFileReference; lastKnownFileType = text.plist.xml; path = Info.plist; sourceTree = "<group>"; };
		A390B643F92B72DE18324D7F /* Pods-layoutTask1.debug.xcconfig */ = {isa = PBXFileReference; includeInIndex = 1; lastKnownFileType = text.xcconfig; name = "Pods-layoutTask1.debug.xcconfig"; path = "Target Support Files/Pods-layoutTask1/Pods-layoutTask1.debug.xcconfig"; sourceTree = "<group>"; };
/* End PBXFileReference section */

/* Begin PBXFrameworksBuildPhase section */
		A2D8E9A02AADE746007ABCA7 /* Frameworks */ = {
			isa = PBXFrameworksBuildPhase;
			buildActionMask = 2147483647;
			files = (
				AA825A069563B6889F6FDB70 /* Pods_layoutTask1.framework in Frameworks */,
			);
			runOnlyForDeploymentPostprocessing = 0;
		};
/* End PBXFrameworksBuildPhase section */

/* Begin PBXGroup section */
		2EDCCB7F1914E6CAD926CBA6 /* Frameworks */ = {
			isa = PBXGroup;
			children = (
				1E62F04941BE5A05CFAE68B0 /* Pods_layoutTask1.framework */,
			);
			name = Frameworks;
			sourceTree = "<group>";
		};
		A2D8E99A2AADE746007ABCA7 = {
			isa = PBXGroup;
			children = (
				A2D8E9A52AADE746007ABCA7 /* layoutTask1 */,
				A2D8E9A42AADE746007ABCA7 /* Products */,
				C9F5B01E0C886D35D92ECFF7 /* Pods */,
				2EDCCB7F1914E6CAD926CBA6 /* Frameworks */,
			);
			sourceTree = "<group>";
		};
		A2D8E9A42AADE746007ABCA7 /* Products */ = {
			isa = PBXGroup;
			children = (
				A2D8E9A32AADE746007ABCA7 /* layoutTask1.app */,
			);
			name = Products;
			sourceTree = "<group>";
		};
		A2D8E9A52AADE746007ABCA7 /* layoutTask1 */ = {
			isa = PBXGroup;
			children = (
				A2D8E9A62AADE746007ABCA7 /* AppDelegate.swift */,
				A2D8E9A82AADE746007ABCA7 /* SceneDelegate.swift */,
				A2D8E9AA2AADE746007ABCA7 /* ViewController.swift */,
				A2D8E9AC2AADE746007ABCA7 /* Main.storyboard */,
				A2D8E9B22AADE74B007ABCA7 /* Assets.xcassets */,
				A2D8E9B42AADE74B007ABCA7 /* LaunchScreen.storyboard */,
				A2D8E9B72AADE74B007ABCA7 /* Info.plist */,
				A2D8E9AF2AADE746007ABCA7 /* layoutTask1.xcdatamodeld */,
			);
			path = layoutTask1;
			sourceTree = "<group>";
		};
		C9F5B01E0C886D35D92ECFF7 /* Pods */ = {
			isa = PBXGroup;
			children = (
				A390B643F92B72DE18324D7F /* Pods-layoutTask1.debug.xcconfig */,
				6E48ACCB19D6BA6545B502B7 /* Pods-layoutTask1.release.xcconfig */,
			);
			name = Pods;
			path = Pods;
			sourceTree = "<group>";
		};
/* End PBXGroup section */

/* Begin PBXNativeTarget section */
		A2D8E9A22AADE746007ABCA7 /* layoutTask1 */ = {
			isa = PBXNativeTarget;
			buildConfigurationList = A2D8E9BA2AADE74B007ABCA7 /* Build configuration list for PBXNativeTarget "layoutTask1" */;
			buildPhases = (
				EFA70F37FF0B449C57FF2E95 /* [CP] Check Pods Manifest.lock */,
				A2D8E99F2AADE746007ABCA7 /* Sources */,
				A2D8E9A02AADE746007ABCA7 /* Frameworks */,
				A2D8E9A12AADE746007ABCA7 /* Resources */,
				DDE15E289F4B9AEEEE373EDD /* [CP] Embed Pods Frameworks */,
			);
			buildRules = (
			);
			dependencies = (
			);
			name = layoutTask1;
			productName = layoutTask1;
			productReference = A2D8E9A32AADE746007ABCA7 /* layoutTask1.app */;
			productType = "com.apple.product-type.application";
		};
/* End PBXNativeTarget section */

/* Begin PBXProject section */
		A2D8E99B2AADE746007ABCA7 /* Project object */ = {
			isa = PBXProject;
			attributes = {
				BuildIndependentTargetsInParallel = 1;
				LastSwiftUpdateCheck = 1430;
				LastUpgradeCheck = 1430;
				TargetAttributes = {
					A2D8E9A22AADE746007ABCA7 = {
						CreatedOnToolsVersion = 14.3;
					};
				};
			};
			buildConfigurationList = A2D8E99E2AADE746007ABCA7 /* Build configuration list for PBXProject "layoutTask1" */;
			compatibilityVersion = "Xcode 14.0";
			developmentRegion = en;
			hasScannedForEncodings = 0;
			knownRegions = (
				en,
				Base,
			);
			mainGroup = A2D8E99A2AADE746007ABCA7;
			productRefGroup = A2D8E9A42AADE746007ABCA7 /* Products */;
			projectDirPath = "";
			projectRoot = "";
			targets = (
				A2D8E9A22AADE746007ABCA7 /* layoutTask1 */,
			);
		};
/* End PBXProject section */

/* Begin PBXResourcesBuildPhase section */
		A2D8E9A12AADE746007ABCA7 /* Resources */ = {
			isa = PBXResourcesBuildPhase;
			buildActionMask = 2147483647;
			files = (
				A2D8E9B62AADE74B007ABCA7 /* LaunchScreen.storyboard in Resources */,
				A2D8E9B32AADE74B007ABCA7 /* Assets.xcassets in Resources */,
				A2D8E9AE2AADE746007ABCA7 /* Main.storyboard in Resources */,
			);
			runOnlyForDeploymentPostprocessing = 0;
		};
/* End PBXResourcesBuildPhase section */

/* Begin PBXShellScriptBuildPhase section */
		DDE15E289F4B9AEEEE373EDD /* [CP] Embed Pods Frameworks */ = {
			isa = PBXShellScriptBuildPhase;
			buildActionMask = 2147483647;
			files = (
			);
			inputFileListPaths = (
				"${PODS_ROOT}/Target Support Files/Pods-layoutTask1/Pods-layoutTask1-frameworks-${CONFIGURATION}-input-files.xcfilelist",
			);
			name = "[CP] Embed Pods Frameworks";
			outputFileListPaths = (
				"${PODS_ROOT}/Target Support Files/Pods-layoutTask1/Pods-layoutTask1-frameworks-${CONFIGURATION}-output-files.xcfilelist",
			);
			runOnlyForDeploymentPostprocessing = 0;
			shellPath = /bin/sh;
			shellScript = "\"${PODS_ROOT}/Target Support Files/Pods-layoutTask1/Pods-layoutTask1-frameworks.sh\"\n";
			showEnvVarsInLog = 0;
		};
		EFA70F37FF0B449C57FF2E95 /* [CP] Check Pods Manifest.lock */ = {
			isa = PBXShellScriptBuildPhase;
			buildActionMask = 2147483647;
			files = (
			);
			inputFileListPaths = (
			);
			inputPaths = (
				"${PODS_PODFILE_DIR_PATH}/Podfile.lock",
				"${PODS_ROOT}/Manifest.lock",
			);
			name = "[CP] Check Pods Manifest.lock";
			outputFileListPaths = (
			);
			outputPaths = (
				"$(DERIVED_FILE_DIR)/Pods-layoutTask1-checkManifestLockResult.txt",
			);
			runOnlyForDeploymentPostprocessing = 0;
			shellPath = /bin/sh;
			shellScript = "diff \"${PODS_PODFILE_DIR_PATH}/Podfile.lock\" \"${PODS_ROOT}/Manifest.lock\" > /dev/null\nif [ $? != 0 ] ; then\n    # print error to STDERR\n    echo \"error: The sandbox is not in sync with the Podfile.lock. Run 'pod install' or update your CocoaPods installation.\" >&2\n    exit 1\nfi\n# This output is used by Xcode 'outputs' to avoid re-running this script phase.\necho \"SUCCESS\" > \"${SCRIPT_OUTPUT_FILE_0}\"\n";
			showEnvVarsInLog = 0;
		};
/* End PBXShellScriptBuildPhase section */

/* Begin PBXSourcesBuildPhase section */
		A2D8E99F2AADE746007ABCA7 /* Sources */ = {
			isa = PBXSourcesBuildPhase;
			buildActionMask = 2147483647;
			files = (
				A2D8E9AB2AADE746007ABCA7 /* ViewController.swift in Sources */,
				A2D8E9A72AADE746007ABCA7 /* AppDelegate.swift in Sources */,
				A2D8E9B12AADE746007ABCA7 /* layoutTask1.xcdatamodeld in Sources */,
				A2D8E9A92AADE746007ABCA7 /* SceneDelegate.swift in Sources */,
			);
			runOnlyForDeploymentPostprocessing = 0;
		};
/* End PBXSourcesBuildPhase section */

/* Begin PBXVariantGroup section */
		A2D8E9AC2AADE746007ABCA7 /* Main.storyboard */ = {
			isa = PBXVariantGroup;
			children = (
				A2D8E9AD2AADE746007ABCA7 /* Base */,
			);
			name = Main.storyboard;
			sourceTree = "<group>";
		};
		A2D8E9B42AADE74B007ABCA7 /* LaunchScreen.storyboard */ = {
			isa = PBXVariantGroup;
			children = (
				A2D8E9B52AADE74B007ABCA7 /* Base */,
			);
			name = LaunchScreen.storyboard;
			sourceTree = "<group>";
		};
/* End PBXVariantGroup section */

/* Begin XCBuildConfiguration section */
		A2D8E9B82AADE74B007ABCA7 /* Debug */ = {
			isa = XCBuildConfiguration;
			buildSettings = {
				ALWAYS_SEARCH_USER_PATHS = NO;
				CLANG_ANALYZER_NONNULL = YES;
				CLANG_ANALYZER_NUMBER_OBJECT_CONVERSION = YES_AGGRESSIVE;
				CLANG_CXX_LANGUAGE_STANDARD = "gnu++20";
				CLANG_ENABLE_MODULES = YES;
				CLANG_ENABLE_OBJC_ARC = YES;
				CLANG_ENABLE_OBJC_WEAK = YES;
				CLANG_WARN_BLOCK_CAPTURE_AUTORELEASING = YES;
				CLANG_WARN_BOOL_CONVERSION = YES;
				CLANG_WARN_COMMA = YES;
				CLANG_WARN_CONSTANT_CONVERSION = YES;
				CLANG_WARN_DEPRECATED_OBJC_IMPLEMENTATIONS = YES;
				CLANG_WARN_DIRECT_OBJC_ISA_USAGE = YES_ERROR;
				CLANG_WARN_DOCUMENTATION_COMMENTS = YES;
				CLANG_WARN_EMPTY_BODY = YES;
				CLANG_WARN_ENUM_CONVERSION = YES;
				CLANG_WARN_INFINITE_RECURSION = YES;
				CLANG_WARN_INT_CONVERSION = YES;
				CLANG_WARN_NON_LITERAL_NULL_CONVERSION = YES;
				CLANG_WARN_OBJC_IMPLICIT_RETAIN_SELF = YES;
				CLANG_WARN_OBJC_LITERAL_CONVERSION = YES;
				CLANG_WARN_OBJC_ROOT_CLASS = YES_ERROR;
				CLANG_WARN_QUOTED_INCLUDE_IN_FRAMEWORK_HEADER = YES;
				CLANG_WARN_RANGE_LOOP_ANALYSIS = YES;
				CLANG_WARN_STRICT_PROTOTYPES = YES;
				CLANG_WARN_SUSPICIOUS_MOVE = YES;
				CLANG_WARN_UNGUARDED_AVAILABILITY = YES_AGGRESSIVE;
				CLANG_WARN_UNREACHABLE_CODE = YES;
				CLANG_WARN__DUPLICATE_METHOD_MATCH = YES;
				COPY_PHASE_STRIP = NO;
				DEBUG_INFORMATION_FORMAT = dwarf;
				ENABLE_STRICT_OBJC_MSGSEND = YES;
				ENABLE_TESTABILITY = YES;
				GCC_C_LANGUAGE_STANDARD = gnu11;
				GCC_DYNAMIC_NO_PIC = NO;
				GCC_NO_COMMON_BLOCKS = YES;
				GCC_OPTIMIZATION_LEVEL = 0;
				GCC_PREPROCESSOR_DEFINITIONS = (
					"DEBUG=1",
					"$(inherited)",
				);
				GCC_WARN_64_TO_32_BIT_CONVERSION = YES;
				GCC_WARN_ABOUT_RETURN_TYPE = YES_ERROR;
				GCC_WARN_UNDECLARED_SELECTOR = YES;
				GCC_WARN_UNINITIALIZED_AUTOS = YES_AGGRESSIVE;
				GCC_WARN_UNUSED_FUNCTION = YES;
				GCC_WARN_UNUSED_VARIABLE = YES;
				IPHONEOS_DEPLOYMENT_TARGET = 16.4;
				MTL_ENABLE_DEBUG_INFO = INCLUDE_SOURCE;
				MTL_FAST_MATH = YES;
				ONLY_ACTIVE_ARCH = YES;
				SDKROOT = iphoneos;
				SWIFT_ACTIVE_COMPILATION_CONDITIONS = DEBUG;
				SWIFT_OPTIMIZATION_LEVEL = "-Onone";
			};
			name = Debug;
		};
		A2D8E9B92AADE74B007ABCA7 /* Release */ = {
			isa = XCBuildConfiguration;
			buildSettings = {
				ALWAYS_SEARCH_USER_PATHS = NO;
				CLANG_ANALYZER_NONNULL = YES;
				CLANG_ANALYZER_NUMBER_OBJECT_CONVERSION = YES_AGGRESSIVE;
				CLANG_CXX_LANGUAGE_STANDARD = "gnu++20";
				CLANG_ENABLE_MODULES = YES;
				CLANG_ENABLE_OBJC_ARC = YES;
				CLANG_ENABLE_OBJC_WEAK = YES;
				CLANG_WARN_BLOCK_CAPTURE_AUTORELEASING = YES;
				CLANG_WARN_BOOL_CONVERSION = YES;
				CLANG_WARN_COMMA = YES;
				CLANG_WARN_CONSTANT_CONVERSION = YES;
				CLANG_WARN_DEPRECATED_OBJC_IMPLEMENTATIONS = YES;
				CLANG_WARN_DIRECT_OBJC_ISA_USAGE = YES_ERROR;
				CLANG_WARN_DOCUMENTATION_COMMENTS = YES;
				CLANG_WARN_EMPTY_BODY = YES;
				CLANG_WARN_ENUM_CONVERSION = YES;
				CLANG_WARN_INFINITE_RECURSION = YES;
				CLANG_WARN_INT_CONVERSION = YES;
				CLANG_WARN_NON_LITERAL_NULL_CONVERSION = YES;
				CLANG_WARN_OBJC_IMPLICIT_RETAIN_SELF = YES;
				CLANG_WARN_OBJC_LITERAL_CONVERSION = YES;
				CLANG_WARN_OBJC_ROOT_CLASS = YES_ERROR;
				CLANG_WARN_QUOTED_INCLUDE_IN_FRAMEWORK_HEADER = YES;
				CLANG_WARN_RANGE_LOOP_ANALYSIS = YES;
				CLANG_WARN_STRICT_PROTOTYPES = YES;
				CLANG_WARN_SUSPICIOUS_MOVE = YES;
				CLANG_WARN_UNGUARDED_AVAILABILITY = YES_AGGRESSIVE;
				CLANG_WARN_UNREACHABLE_CODE = YES;
				CLANG_WARN__DUPLICATE_METHOD_MATCH = YES;
				COPY_PHASE_STRIP = NO;
				DEBUG_INFORMATION_FORMAT = "dwarf-with-dsym";
				ENABLE_NS_ASSERTIONS = NO;
				ENABLE_STRICT_OBJC_MSGSEND = YES;
				GCC_C_LANGUAGE_STANDARD = gnu11;
				GCC_NO_COMMON_BLOCKS = YES;
				GCC_WARN_64_TO_32_BIT_CONVERSION = YES;
				GCC_WARN_ABOUT_RETURN_TYPE = YES_ERROR;
				GCC_WARN_UNDECLARED_SELECTOR = YES;
				GCC_WARN_UNINITIALIZED_AUTOS = YES_AGGRESSIVE;
				GCC_WARN_UNUSED_FUNCTION = YES;
				GCC_WARN_UNUSED_VARIABLE = YES;
				IPHONEOS_DEPLOYMENT_TARGET = 16.4;
				MTL_ENABLE_DEBUG_INFO = NO;
				MTL_FAST_MATH = YES;
				SDKROOT = iphoneos;
				SWIFT_COMPILATION_MODE = wholemodule;
				SWIFT_OPTIMIZATION_LEVEL = "-O";
				VALIDATE_PRODUCT = YES;
			};
			name = Release;
		};
		A2D8E9BB2AADE74B007ABCA7 /* Debug */ = {
			isa = XCBuildConfiguration;
			baseConfigurationReference = A390B643F92B72DE18324D7F /* Pods-layoutTask1.debug.xcconfig */;
			buildSettings = {
				ASSETCATALOG_COMPILER_APPICON_NAME = AppIcon;
				ASSETCATALOG_COMPILER_GLOBAL_ACCENT_COLOR_NAME = AccentColor;
				CODE_SIGN_STYLE = Automatic;
				CURRENT_PROJECT_VERSION = 1;
				DEVELOPMENT_TEAM = X5CZ3UYLAQ;
				GENERATE_INFOPLIST_FILE = YES;
				INFOPLIST_FILE = layoutTask1/Info.plist;
				INFOPLIST_KEY_UIApplicationSupportsIndirectInputEvents = YES;
				INFOPLIST_KEY_UILaunchStoryboardName = LaunchScreen;
				INFOPLIST_KEY_UIMainStoryboardFile = Main;
				INFOPLIST_KEY_UISupportedInterfaceOrientations_iPad = "UIInterfaceOrientationPortrait UIInterfaceOrientationPortraitUpsideDown UIInterfaceOrientationLandscapeLeft UIInterfaceOrientationLandscapeRight";
				INFOPLIST_KEY_UISupportedInterfaceOrientations_iPhone = "UIInterfaceOrientationPortrait UIInterfaceOrientationLandscapeLeft UIInterfaceOrientationLandscapeRight";
				LD_RUNPATH_SEARCH_PATHS = (
					"$(inherited)",
					"@executable_path/Frameworks",
				);
				MARKETING_VERSION = 1.0;
				PRODUCT_BUNDLE_IDENTIFIER = silben.layoutTask1;
				PRODUCT_NAME = "$(TARGET_NAME)";
				SWIFT_EMIT_LOC_STRINGS = YES;
				SWIFT_VERSION = 5.0;
				TARGETED_DEVICE_FAMILY = "1,2";
			};
			name = Debug;
		};
		A2D8E9BC2AADE74B007ABCA7 /* Release */ = {
			isa = XCBuildConfiguration;
			baseConfigurationReference = 6E48ACCB19D6BA6545B502B7 /* Pods-layoutTask1.release.xcconfig */;
			buildSettings = {
				ASSETCATALOG_COMPILER_APPICON_NAME = AppIcon;
				ASSETCATALOG_COMPILER_GLOBAL_ACCENT_COLOR_NAME = AccentColor;
				CODE_SIGN_STYLE = Automatic;
				CURRENT_PROJECT_VERSION = 1;
				DEVELOPMENT_TEAM = X5CZ3UYLAQ;
				GENERATE_INFOPLIST_FILE = YES;
				INFOPLIST_FILE = layoutTask1/Info.plist;
				INFOPLIST_KEY_UIApplicationSupportsIndirectInputEvents = YES;
				INFOPLIST_KEY_UILaunchStoryboardName = LaunchScreen;
				INFOPLIST_KEY_UIMainStoryboardFile = Main;
				INFOPLIST_KEY_UISupportedInterfaceOrientations_iPad = "UIInterfaceOrientationPortrait UIInterfaceOrientationPortraitUpsideDown UIInterfaceOrientationLandscapeLeft UIInterfaceOrientationLandscapeRight";
				INFOPLIST_KEY_UISupportedInterfaceOrientations_iPhone = "UIInterfaceOrientationPortrait UIInterfaceOrientationLandscapeLeft UIInterfaceOrientationLandscapeRight";
				LD_RUNPATH_SEARCH_PATHS = (
					"$(inherited)",
					"@executable_path/Frameworks",
				);
				MARKETING_VERSION = 1.0;
				PRODUCT_BUNDLE_IDENTIFIER = silben.layoutTask1;
				PRODUCT_NAME = "$(TARGET_NAME)";
				SWIFT_EMIT_LOC_STRINGS = YES;
				SWIFT_VERSION = 5.0;
				TARGETED_DEVICE_FAMILY = "1,2";
			};
			name = Release;
		};
/* End XCBuildConfiguration section */

/* Begin XCConfigurationList section */
		A2D8E99E2AADE746007ABCA7 /* Build configuration list for PBXProject "layoutTask1" */ = {
			isa = XCConfigurationList;
			buildConfigurations = (
				A2D8E9B82AADE74B007ABCA7 /* Debug */,
				A2D8E9B92AADE74B007ABCA7 /* Release */,
			);
			defaultConfigurationIsVisible = 0;
			defaultConfigurationName = Release;
		};
		A2D8E9BA2AADE74B007ABCA7 /* Build configuration list for PBXNativeTarget "layoutTask1" */ = {
			isa = XCConfigurationList;
			buildConfigurations = (
				A2D8E9BB2AADE74B007ABCA7 /* Debug */,
				A2D8E9BC2AADE74B007ABCA7 /* Release */,
			);
			defaultConfigurationIsVisible = 0;
			defaultConfigurationName = Release;
		};
/* End XCConfigurationList section */

/* Begin XCVersionGroup section */
		A2D8E9AF2AADE746007ABCA7 /* layoutTask1.xcdatamodeld */ = {
			isa = XCVersionGroup;
			children = (
				A2D8E9B02AADE746007ABCA7 /* layoutTask1.xcdatamodel */,
			);
			currentVersion = A2D8E9B02AADE746007ABCA7 /* layoutTask1.xcdatamodel */;
			path = layoutTask1.xcdatamodeld;
			sourceTree = "<group>";
			versionGroupType = wrapper.xcdatamodel;
		};
/* End XCVersionGroup section */
	};
	rootObject = A2D8E99B2AADE746007ABCA7 /* Project object */;
}
